
Microsoft Visual Studio Solution File, Format Version 12.00
# Visual Studio Version 17
VisualStudioVersion = 17.0.32112.339
MinimumVisualStudioVersion = 10.0.40219.1
Project("{FAE04EC0-301F-11D3-BF4B-00C04F79EFBC}") = "Nupen", "Nupen\Nupen.csproj", "{BE07C6E4-545C-4A75-8559-5F54A6251823}"
EndProject
Global
	GlobalSection(SolutionConfigurationPlatforms) = preSolution
		Debug|Any CPU = Debug|Any CPU
		Release|Any CPU = Release|Any CPU
	EndGlobalSection
	GlobalSection(ProjectConfigurationPlatforms) = postSolution
		{BE07C6E4-545C-4A75-8559-5F54A6251823}.Debug|Any CPU.ActiveCfg = Debug|Any CPU
		{BE07C6E4-545C-4A75-8559-5F54A6251823}.Debug|Any CPU.Build.0 = Debug|Any CPU
		{BE07C6E4-545C-4A75-8559-5F54A6251823}.Release|Any CPU.ActiveCfg = Release|Any CPU
		{BE07C6E4-545C-4A75-8559-5F54A6251823}.Release|Any CPU.Build.0 = Release|Any CPU
	EndGlobalSection
	GlobalSection(SolutionProperties) = preSolution
		HideSolutionNode = FALSE
	EndGlobalSection
	GlobalSection(ExtensibilityGlobals) = postSolution
		SolutionGuid = {910DD51A-D753-483B-B722-9551191F2A78}
	EndGlobalSection
EndGlobal
